
Microsoft Visual Studio Solution File, Format Version 12.00
# Visual Studio Version 16
VisualStudioVersion = 16.0.30907.101
MinimumVisualStudioVersion = 10.0.40219.1
Project("{FAE04EC0-301F-11D3-BF4B-00C04F79EFBC}") = "OOP2", "OOP2\OOP2.csproj", "{50AB6842-9336-4197-8C8F-973B71CDDF32}"
EndProject
Project("{FAE04EC0-301F-11D3-BF4B-00C04F79EFBC}") = "OOP3", "OOP3\OOP3.csproj", "{F143FBDB-BCDB-41F8-92CB-4D486700F218}"
EndProject
Global
	GlobalSection(SolutionConfigurationPlatforms) = preSolution
		Debug|Any CPU = Debug|Any CPU
		Release|Any CPU = Release|Any CPU
	EndGlobalSection
	GlobalSection(ProjectConfigurationPlatforms) = postSolution
		{50AB6842-9336-4197-8C8F-973B71CDDF32}.Debug|Any CPU.ActiveCfg = Debug|Any CPU
		{50AB6842-9336-4197-8C8F-973B71CDDF32}.Debug|Any CPU.Build.0 = Debug|Any CPU
		{50AB6842-9336-4197-8C8F-973B71CDDF32}.Release|Any CPU.ActiveCfg = Release|Any CPU
		{50AB6842-9336-4197-8C8F-973B71CDDF32}.Release|Any CPU.Build.0 = Release|Any CPU
		{F143FBDB-BCDB-41F8-92CB-4D486700F218}.Debug|Any CPU.ActiveCfg = Debug|Any CPU
		{F143FBDB-BCDB-41F8-92CB-4D486700F218}.Debug|Any CPU.Build.0 = Debug|Any CPU
		{F143FBDB-BCDB-41F8-92CB-4D486700F218}.Release|Any CPU.ActiveCfg = Release|Any CPU
		{F143FBDB-BCDB-41F8-92CB-4D486700F218}.Release|Any CPU.Build.0 = Release|Any CPU
	EndGlobalSection
	GlobalSection(SolutionProperties) = preSolution
		HideSolutionNode = FALSE
	EndGlobalSection
	GlobalSection(ExtensibilityGlobals) = postSolution
		SolutionGuid = {0C2A3390-07A4-4444-8F8E-39A3114DE029}
	EndGlobalSection
EndGlobal
